// !$*UTF8*$!
{
	archiveVersion = 1;
	classes = {
	};
	objectVersion = 50;
	objects = {

/* Begin PBXBuildFile section */
		FB58BD122789CB4900BBE09E /* AppDelegate.swift in Sources */ = {isa = PBXBuildFile; fileRef = FB58BD112789CB4900BBE09E /* AppDelegate.swift */; };
		FB58BD142789CB4900BBE09E /* SceneDelegate.swift in Sources */ = {isa = PBXBuildFile; fileRef = FB58BD132789CB4900BBE09E /* SceneDelegate.swift */; };
		FB58BD162789CB4900BBE09E /* ViewController.swift in Sources */ = {isa = PBXBuildFile; fileRef = FB58BD152789CB4900BBE09E /* ViewController.swift */; };
		FB58BD192789CB4900BBE09E /* Main.storyboard in Resources */ = {isa = PBXBuildFile; fileRef = FB58BD172789CB4900BBE09E /* Main.storyboard */; };
		FB58BD1B2789CB4C00BBE09E /* Assets.xcassets in Resources */ = {isa = PBXBuildFile; fileRef = FB58BD1A2789CB4C00BBE09E /* Assets.xcassets */; };
		FB58BD1E2789CB4C00BBE09E /* LaunchScreen.storyboard in Resources */ = {isa = PBXBuildFile; fileRef = FB58BD1C2789CB4C00BBE09E /* LaunchScreen.storyboard */; };
		FB58BD262789D18E00BBE09E /* DiaryCell.swift in Sources */ = {isa = PBXBuildFile; fileRef = FB58BD252789D18E00BBE09E /* DiaryCell.swift */; };
		FB58BD282789D1FF00BBE09E /* StarViewController.swift in Sources */ = {isa = PBXBuildFile; fileRef = FB58BD272789D1FF00BBE09E /* StarViewController.swift */; };
		FB58BD2A2789D35900BBE09E /* StarCell.swift in Sources */ = {isa = PBXBuildFile; fileRef = FB58BD292789D35900BBE09E /* StarCell.swift */; };
		FB58BD2C2789DE7600BBE09E /* WriteDiaryViewController.swift in Sources */ = {isa = PBXBuildFile; fileRef = FB58BD2B2789DE7600BBE09E /* WriteDiaryViewController.swift */; };
		FB58BD2E2789DEDE00BBE09E /* DiaryDetailViewController.swift in Sources */ = {isa = PBXBuildFile; fileRef = FB58BD2D2789DEDE00BBE09E /* DiaryDetailViewController.swift */; };
		FB58BD30278B246300BBE09E /* Diary.swift in Sources */ = {isa = PBXBuildFile; fileRef = FB58BD2F278B246300BBE09E /* Diary.swift */; };
/* End PBXBuildFile section */

/* Begin PBXFileReference section */
		FB58BD0E2789CB4900BBE09E /* Diary.app */ = {isa = PBXFileReference; explicitFileType = wrapper.application; includeInIndex = 0; path = Diary.app; sourceTree = BUILT_PRODUCTS_DIR; };
		FB58BD112789CB4900BBE09E /* AppDelegate.swift */ = {isa = PBXFileReference; lastKnownFileType = sourcecode.swift; path = AppDelegate.swift; sourceTree = "<group>"; };
		FB58BD132789CB4900BBE09E /* SceneDelegate.swift */ = {isa = PBXFileReference; lastKnownFileType = sourcecode.swift; path = SceneDelegate.swift; sourceTree = "<group>"; };
		FB58BD152789CB4900BBE09E /* ViewController.swift */ = {isa = PBXFileReference; lastKnownFileType = sourcecode.swift; path = ViewController.swift; sourceTree = "<group>"; };
		FB58BD182789CB4900BBE09E /* Base */ = {isa = PBXFileReference; lastKnownFileType = file.storyboard; name = Base; path = Base.lproj/Main.storyboard; sourceTree = "<group>"; };
		FB58BD1A2789CB4C00BBE09E /* Assets.xcassets */ = {isa = PBXFileReference; lastKnownFileType = folder.assetcatalog; path = Assets.xcassets; sourceTree = "<group>"; };
		FB58BD1D2789CB4C00BBE09E /* Base */ = {isa = PBXFileReference; lastKnownFileType = file.storyboard; name = Base; path = Base.lproj/LaunchScreen.storyboard; sourceTree = "<group>"; };
		FB58BD1F2789CB4C00BBE09E /* Info.plist */ = {isa = PBXFileReference; lastKnownFileType = text.plist.xml; path = Info.plist; sourceTree = "<group>"; };
		FB58BD252789D18E00BBE09E /* DiaryCell.swift */ = {isa = PBXFileReference; lastKnownFileType = sourcecode.swift; path = DiaryCell.swift; sourceTree = "<group>"; };
		FB58BD272789D1FF00BBE09E /* StarViewController.swift */ = {isa = PBXFileReference; lastKnownFileType = sourcecode.swift; path = StarViewController.swift; sourceTree = "<group>"; };
		FB58BD292789D35900BBE09E /* StarCell.swift */ = {isa = PBXFileReference; lastKnownFileType = sourcecode.swift; path = StarCell.swift; sourceTree = "<group>"; };
		FB58BD2B2789DE7600BBE09E /* WriteDiaryViewController.swift */ = {isa = PBXFileReference; lastKnownFileType = sourcecode.swift; path = WriteDiaryViewController.swift; sourceTree = "<group>"; };
		FB58BD2D2789DEDE00BBE09E /* DiaryDetailViewController.swift */ = {isa = PBXFileReference; lastKnownFileType = sourcecode.swift; path = DiaryDetailViewController.swift; sourceTree = "<group>"; };
		FB58BD2F278B246300BBE09E /* Diary.swift */ = {isa = PBXFileReference; lastKnownFileType = sourcecode.swift; path = Diary.swift; sourceTree = "<group>"; };
/* End PBXFileReference section */

/* Begin PBXFrameworksBuildPhase section */
		FB58BD0B2789CB4900BBE09E /* Frameworks */ = {
			isa = PBXFrameworksBuildPhase;
			buildActionMask = 2147483647;
			files = (
			);
			runOnlyForDeploymentPostprocessing = 0;
		};
/* End PBXFrameworksBuildPhase section */

/* Begin PBXGroup section */
		FB58BD052789CB4900BBE09E = {
			isa = PBXGroup;
			children = (
				FB58BD102789CB4900BBE09E /* Diary */,
				FB58BD0F2789CB4900BBE09E /* Products */,
			);
			sourceTree = "<group>";
		};
		FB58BD0F2789CB4900BBE09E /* Products */ = {
			isa = PBXGroup;
			children = (
				FB58BD0E2789CB4900BBE09E /* Diary.app */,
			);
			name = Products;
			sourceTree = "<group>";
		};
		FB58BD102789CB4900BBE09E /* Diary */ = {
			isa = PBXGroup;
			children = (
				FB58BD112789CB4900BBE09E /* AppDelegate.swift */,
				FB58BD132789CB4900BBE09E /* SceneDelegate.swift */,
				FB58BD152789CB4900BBE09E /* ViewController.swift */,
				FB58BD172789CB4900BBE09E /* Main.storyboard */,
				FB58BD1A2789CB4C00BBE09E /* Assets.xcassets */,
				FB58BD1C2789CB4C00BBE09E /* LaunchScreen.storyboard */,
				FB58BD1F2789CB4C00BBE09E /* Info.plist */,
				FB58BD252789D18E00BBE09E /* DiaryCell.swift */,
				FB58BD272789D1FF00BBE09E /* StarViewController.swift */,
				FB58BD292789D35900BBE09E /* StarCell.swift */,
				FB58BD2B2789DE7600BBE09E /* WriteDiaryViewController.swift */,
				FB58BD2D2789DEDE00BBE09E /* DiaryDetailViewController.swift */,
				FB58BD2F278B246300BBE09E /* Diary.swift */,
			);
			path = Diary;
			sourceTree = "<group>";
		};
/* End PBXGroup section */

/* Begin PBXNativeTarget section */
		FB58BD0D2789CB4900BBE09E /* Diary */ = {
			isa = PBXNativeTarget;
			buildConfigurationList = FB58BD222789CB4C00BBE09E /* Build configuration list for PBXNativeTarget "Diary" */;
			buildPhases = (
				FB58BD0A2789CB4900BBE09E /* Sources */,
				FB58BD0B2789CB4900BBE09E /* Frameworks */,
				FB58BD0C2789CB4900BBE09E /* Resources */,
			);
			buildRules = (
			);
			dependencies = (
			);
			name = Diary;
			productName = Diary;
			productReference = FB58BD0E2789CB4900BBE09E /* Diary.app */;
			productType = "com.apple.product-type.application";
		};
/* End PBXNativeTarget section */

/* Begin PBXProject section */
		FB58BD062789CB4900BBE09E /* Project object */ = {
			isa = PBXProject;
			attributes = {
				LastSwiftUpdateCheck = 1250;
				LastUpgradeCheck = 1250;
				TargetAttributes = {
					FB58BD0D2789CB4900BBE09E = {
						CreatedOnToolsVersion = 12.5.1;
					};
				};
			};
			buildConfigurationList = FB58BD092789CB4900BBE09E /* Build configuration list for PBXProject "Diary" */;
			compatibilityVersion = "Xcode 9.3";
			developmentRegion = en;
			hasScannedForEncodings = 0;
			knownRegions = (
				en,
				Base,
			);
			mainGroup = FB58BD052789CB4900BBE09E;
			productRefGroup = FB58BD0F2789CB4900BBE09E /* Products */;
			projectDirPath = "";
			projectRoot = "";
			targets = (
				FB58BD0D2789CB4900BBE09E /* Diary */,
			);
		};
/* End PBXProject section */

/* Begin PBXResourcesBuildPhase section */
		FB58BD0C2789CB4900BBE09E /* Resources */ = {
			isa = PBXResourcesBuildPhase;
			buildActionMask = 2147483647;
			files = (
				FB58BD1E2789CB4C00BBE09E /* LaunchScreen.storyboard in Resources */,
				FB58BD1B2789CB4C00BBE09E /* Assets.xcassets in Resources */,
				FB58BD192789CB4900BBE09E /* Main.storyboard in Resources */,
			);
			runOnlyForDeploymentPostprocessing = 0;
		};
/* End PBXResourcesBuildPhase section */

/* Begin PBXSourcesBuildPhase section */
		FB58BD0A2789CB4900BBE09E /* Sources */ = {
			isa = PBXSourcesBuildPhase;
			buildActionMask = 2147483647;
			files = (
				FB58BD162789CB4900BBE09E /* ViewController.swift in Sources */,
				FB58BD2C2789DE7600BBE09E /* WriteDiaryViewController.swift in Sources */,
				FB58BD2A2789D35900BBE09E /* StarCell.swift in Sources */,
				FB58BD122789CB4900BBE09E /* AppDelegate.swift in Sources */,
				FB58BD142789CB4900BBE09E /* SceneDelegate.swift in Sources */,
				FB58BD30278B246300BBE09E /* Diary.swift in Sources */,
				FB58BD2E2789DEDE00BBE09E /* DiaryDetailViewController.swift in Sources */,
				FB58BD262789D18E00BBE09E /* DiaryCell.swift in Sources */,
				FB58BD282789D1FF00BBE09E /* StarViewController.swift in Sources */,
			);
			runOnlyForDeploymentPostprocessing = 0;
		};
/* End PBXSourcesBuildPhase section */

/* Begin PBXVariantGroup section */
		FB58BD172789CB4900BBE09E /* Main.storyboard */ = {
			isa = PBXVariantGroup;
			children = (
				FB58BD182789CB4900BBE09E /* Base */,
			);
			name = Main.storyboard;
			sourceTree = "<group>";
		};
		FB58BD1C2789CB4C00BBE09E /* LaunchScreen.storyboard */ = {
			isa = PBXVariantGroup;
			children = (
				FB58BD1D2789CB4C00BBE09E /* Base */,
			);
			name = LaunchScreen.storyboard;
			sourceTree = "<group>";
		};
/* End PBXVariantGroup section */

/* Begin XCBuildConfiguration section */
		FB58BD202789CB4C00BBE09E /* Debug */ = {
			isa = XCBuildConfiguration;
			buildSettings = {
				ALWAYS_SEARCH_USER_PATHS = NO;
				CLANG_ANALYZER_NONNULL = YES;
				CLANG_ANALYZER_NUMBER_OBJECT_CONVERSION = YES_AGGRESSIVE;
				CLANG_CXX_LANGUAGE_STANDARD = "gnu++14";
				CLANG_CXX_LIBRARY = "libc++";
				CLANG_ENABLE_MODULES = YES;
				CLANG_ENABLE_OBJC_ARC = YES;
				CLANG_ENABLE_OBJC_WEAK = YES;
				CLANG_WARN_BLOCK_CAPTURE_AUTORELEASING = YES;
				CLANG_WARN_BOOL_CONVERSION = YES;
				CLANG_WARN_COMMA = YES;
				CLANG_WARN_CONSTANT_CONVERSION = YES;
				CLANG_WARN_DEPRECATED_OBJC_IMPLEMENTATIONS = YES;
				CLANG_WARN_DIRECT_OBJC_ISA_USAGE = YES_ERROR;
				CLANG_WARN_DOCUMENTATION_COMMENTS = YES;
				CLANG_WARN_EMPTY_BODY = YES;
				CLANG_WARN_ENUM_CONVERSION = YES;
				CLANG_WARN_INFINITE_RECURSION = YES;
				CLANG_WARN_INT_CONVERSION = YES;
				CLANG_WARN_NON_LITERAL_NULL_CONVERSION = YES;
				CLANG_WARN_OBJC_IMPLICIT_RETAIN_SELF = YES;
				CLANG_WARN_OBJC_LITERAL_CONVERSION = YES;
				CLANG_WARN_OBJC_ROOT_CLASS = YES_ERROR;
				CLANG_WARN_QUOTED_INCLUDE_IN_FRAMEWORK_HEADER = YES;
				CLANG_WARN_RANGE_LOOP_ANALYSIS = YES;
				CLANG_WARN_STRICT_PROTOTYPES = YES;
				CLANG_WARN_SUSPICIOUS_MOVE = YES;
				CLANG_WARN_UNGUARDED_AVAILABILITY = YES_AGGRESSIVE;
				CLANG_WARN_UNREACHABLE_CODE = YES;
				CLANG_WARN__DUPLICATE_METHOD_MATCH = YES;
				COPY_PHASE_STRIP = NO;
				DEBUG_INFORMATION_FORMAT = dwarf;
				ENABLE_STRICT_OBJC_MSGSEND = YES;
				ENABLE_TESTABILITY = YES;
				GCC_C_LANGUAGE_STANDARD = gnu11;
				GCC_DYNAMIC_NO_PIC = NO;
				GCC_NO_COMMON_BLOCKS = YES;
				GCC_OPTIMIZATION_LEVEL = 0;
				GCC_PREPROCESSOR_DEFINITIONS = (
					"DEBUG=1",
					"$(inherited)",
				);
				GCC_WARN_64_TO_32_BIT_CONVERSION = YES;
				GCC_WARN_ABOUT_RETURN_TYPE = YES_ERROR;
				GCC_WARN_UNDECLARED_SELECTOR = YES;
				GCC_WARN_UNINITIALIZED_AUTOS = YES_AGGRESSIVE;
				GCC_WARN_UNUSED_FUNCTION = YES;
				GCC_WARN_UNUSED_VARIABLE = YES;
				IPHONEOS_DEPLOYMENT_TARGET = 14.5;
				MTL_ENABLE_DEBUG_INFO = INCLUDE_SOURCE;
				MTL_FAST_MATH = YES;
				ONLY_ACTIVE_ARCH = YES;
				SDKROOT = iphoneos;
				SWIFT_ACTIVE_COMPILATION_CONDITIONS = DEBUG;
				SWIFT_OPTIMIZATION_LEVEL = "-Onone";
			};
			name = Debug;
		};
		FB58BD212789CB4C00BBE09E /* Release */ = {
			isa = XCBuildConfiguration;
			buildSettings = {
				ALWAYS_SEARCH_USER_PATHS = NO;
				CLANG_ANALYZER_NONNULL = YES;
				CLANG_ANALYZER_NUMBER_OBJECT_CONVERSION = YES_AGGRESSIVE;
				CLANG_CXX_LANGUAGE_STANDARD = "gnu++14";
				CLANG_CXX_LIBRARY = "libc++";
				CLANG_ENABLE_MODULES = YES;
				CLANG_ENABLE_OBJC_ARC = YES;
				CLANG_ENABLE_OBJC_WEAK = YES;
				CLANG_WARN_BLOCK_CAPTURE_AUTORELEASING = YES;
				CLANG_WARN_BOOL_CONVERSION = YES;
				CLANG_WARN_COMMA = YES;
				CLANG_WARN_CONSTANT_CONVERSION = YES;
				CLANG_WARN_DEPRECATED_OBJC_IMPLEMENTATIONS = YES;
				CLANG_WARN_DIRECT_OBJC_ISA_USAGE = YES_ERROR;
				CLANG_WARN_DOCUMENTATION_COMMENTS = YES;
				CLANG_WARN_EMPTY_BODY = YES;
				CLANG_WARN_ENUM_CONVERSION = YES;
				CLANG_WARN_INFINITE_RECURSION = YES;
				CLANG_WARN_INT_CONVERSION = YES;
				CLANG_WARN_NON_LITERAL_NULL_CONVERSION = YES;
				CLANG_WARN_OBJC_IMPLICIT_RETAIN_SELF = YES;
				CLANG_WARN_OBJC_LITERAL_CONVERSION = YES;
				CLANG_WARN_OBJC_ROOT_CLASS = YES_ERROR;
				CLANG_WARN_QUOTED_INCLUDE_IN_FRAMEWORK_HEADER = YES;
				CLANG_WARN_RANGE_LOOP_ANALYSIS = YES;
				CLANG_WARN_STRICT_PROTOTYPES = YES;
				CLANG_WARN_SUSPICIOUS_MOVE = YES;
				CLANG_WARN_UNGUARDED_AVAILABILITY = YES_AGGRESSIVE;
				CLANG_WARN_UNREACHABLE_CODE = YES;
				CLANG_WARN__DUPLICATE_METHOD_MATCH = YES;
				COPY_PHASE_STRIP = NO;
				DEBUG_INFORMATION_FORMAT = "dwarf-with-dsym";
				ENABLE_NS_ASSERTIONS = NO;
				ENABLE_STRICT_OBJC_MSGSEND = YES;
				GCC_C_LANGUAGE_STANDARD = gnu11;
				GCC_NO_COMMON_BLOCKS = YES;
				GCC_WARN_64_TO_32_BIT_CONVERSION = YES;
				GCC_WARN_ABOUT_RETURN_TYPE = YES_ERROR;
				GCC_WARN_UNDECLARED_SELECTOR = YES;
				GCC_WARN_UNINITIALIZED_AUTOS = YES_AGGRESSIVE;
				GCC_WARN_UNUSED_FUNCTION = YES;
				GCC_WARN_UNUSED_VARIABLE = YES;
				IPHONEOS_DEPLOYMENT_TARGET = 14.5;
				MTL_ENABLE_DEBUG_INFO = NO;
				MTL_FAST_MATH = YES;
				SDKROOT = iphoneos;
				SWIFT_COMPILATION_MODE = wholemodule;
				SWIFT_OPTIMIZATION_LEVEL = "-O";
				VALIDATE_PRODUCT = YES;
			};
			name = Release;
		};
		FB58BD232789CB4C00BBE09E /* Debug */ = {
			isa = XCBuildConfiguration;
			buildSettings = {
				ASSETCATALOG_COMPILER_APPICON_NAME = AppIcon;
				ASSETCATALOG_COMPILER_GLOBAL_ACCENT_COLOR_NAME = AccentColor;
				CODE_SIGN_STYLE = Automatic;
				DEVELOPMENT_TEAM = 9W736A6WF2;
				INFOPLIST_FILE = Diary/Info.plist;
				LD_RUNPATH_SEARCH_PATHS = (
					"$(inherited)",
					"@executable_path/Frameworks",
				);
				PRODUCT_BUNDLE_IDENTIFIER = kr.ac.eunyupp.Diary;
				PRODUCT_NAME = "$(TARGET_NAME)";
				SWIFT_VERSION = 5.0;
				TARGETED_DEVICE_FAMILY = "1,2";
			};
			name = Debug;
		};
		FB58BD242789CB4C00BBE09E /* Release */ = {
			isa = XCBuildConfiguration;
			buildSettings = {
				ASSETCATALOG_COMPILER_APPICON_NAME = AppIcon;
				ASSETCATALOG_COMPILER_GLOBAL_ACCENT_COLOR_NAME = AccentColor;
				CODE_SIGN_STYLE = Automatic;
				DEVELOPMENT_TEAM = 9W736A6WF2;
				INFOPLIST_FILE = Diary/Info.plist;
				LD_RUNPATH_SEARCH_PATHS = (
					"$(inherited)",
					"@executable_path/Frameworks",
				);
				PRODUCT_BUNDLE_IDENTIFIER = kr.ac.eunyupp.Diary;
				PRODUCT_NAME = "$(TARGET_NAME)";
				SWIFT_VERSION = 5.0;
				TARGETED_DEVICE_FAMILY = "1,2";
			};
			name = Release;
		};
/* End XCBuildConfiguration section */

/* Begin XCConfigurationList section */
		FB58BD092789CB4900BBE09E /* Build configuration list for PBXProject "Diary" */ = {
			isa = XCConfigurationList;
			buildConfigurations = (
				FB58BD202789CB4C00BBE09E /* Debug */,
				FB58BD212789CB4C00BBE09E /* Release */,
			);
			defaultConfigurationIsVisible = 0;
			defaultConfigurationName = Release;
		};
		FB58BD222789CB4C00BBE09E /* Build configuration list for PBXNativeTarget "Diary" */ = {
			isa = XCConfigurationList;
			buildConfigurations = (
				FB58BD232789CB4C00BBE09E /* Debug */,
				FB58BD242789CB4C00BBE09E /* Release */,
			);
			defaultConfigurationIsVisible = 0;
			defaultConfigurationName = Release;
		};
/* End XCConfigurationList section */
	};
	rootObject = FB58BD062789CB4900BBE09E /* Project object */;
}
